
Microsoft Visual Studio Solution File, Format Version 12.00
# Visual Studio 15
VisualStudioVersion = 15.0.28307.2017
MinimumVisualStudioVersion = 10.0.40219.1
Project("{8BC9CEB8-8B4A-11D0-8D11-00A0C91BC942}") = "Yunni", "Yunni\Yunni.vcxproj", "{F61A8571-2D89-49D5-BF58-3FED66DCAA1E}"
EndProject
Project("{8BC9CEB8-8B4A-11D0-8D11-00A0C91BC942}") = "SandBox", "SandBox\SandBox.vcxproj", "{BB40F3DC-F499-49E8-8067-ACE3C6AA616D}"
EndProject
Global
	GlobalSection(SolutionConfigurationPlatforms) = preSolution
		Debug|x64 = Debug|x64
		Release|x64 = Release|x64
	EndGlobalSection
	GlobalSection(ProjectConfigurationPlatforms) = postSolution
		{F61A8571-2D89-49D5-BF58-3FED66DCAA1E}.Debug|x64.ActiveCfg = Debug|x64
		{F61A8571-2D89-49D5-BF58-3FED66DCAA1E}.Debug|x64.Build.0 = Debug|x64
		{F61A8571-2D89-49D5-BF58-3FED66DCAA1E}.Release|x64.ActiveCfg = Release|x64
		{F61A8571-2D89-49D5-BF58-3FED66DCAA1E}.Release|x64.Build.0 = Release|x64
		{BB40F3DC-F499-49E8-8067-ACE3C6AA616D}.Debug|x64.ActiveCfg = Debug|x64
		{BB40F3DC-F499-49E8-8067-ACE3C6AA616D}.Debug|x64.Build.0 = Debug|x64
		{BB40F3DC-F499-49E8-8067-ACE3C6AA616D}.Release|x64.ActiveCfg = Release|x64
		{BB40F3DC-F499-49E8-8067-ACE3C6AA616D}.Release|x64.Build.0 = Release|x64
	EndGlobalSection
	GlobalSection(SolutionProperties) = preSolution
		HideSolutionNode = FALSE
	EndGlobalSection
	GlobalSection(ExtensibilityGlobals) = postSolution
		SolutionGuid = {D604A696-69FD-4E27-9731-40FF1633BB05}
	EndGlobalSection
EndGlobal
