<?xml version="1.0" encoding="utf-8"?>
<Project ToolsVersion="4.0" xmlns="http://schemas.microsoft.com/developer/msbuild/2003">
  <ItemGroup>
    <Filter Include="Yunni">
      <UniqueIdentifier>{D88F8B0E-44A4-B3BF-0D26-571F79F9AFF0}</UniqueIdentifier>
    </Filter>
  </ItemGroup>
  <ItemGroup>
    <ClInclude Include="src\Yunni.h" />
    <ClInclude Include="src\Yunni\Application.h">
      <Filter>Yunni</Filter>
    </ClInclude>
    <ClInclude Include="src\Yunni\Core.h">
      <Filter>Yunni</Filter>
    </ClInclude>
    <ClInclude Include="src\Yunni\EntryPoint.h">
      <Filter>Yunni</Filter>
    </ClInclude>
    <ClInclude Include="src\Yunni\Log.h">
      <Filter>Yunni</Filter>
    </ClInclude>
  </ItemGroup>
  <ItemGroup>
    <ClCompile Include="src\Yunni\Application.cpp">
      <Filter>Yunni</Filter>
    </ClCompile>
    <ClCompile Include="src\Yunni\Log.cpp">
      <Filter>Yunni</Filter>
    </ClCompile>
  </ItemGroup>
</Project>